
Microsoft Visual Studio Solution File, Format Version 12.00
# Visual Studio Version 16
VisualStudioVersion = 16.0.31911.196
MinimumVisualStudioVersion = 10.0.40219.1
Project("{8BC9CEB8-8B4A-11D0-8D11-00A0C91BC942}") = "KrnlAllocs", "KrnlAllocs\KrnlAllocs.vcxproj", "{CD110D6B-2F84-4C39-8A36-A9BBA2A86D70}"
EndProject
Project("{8BC9CEB8-8B4A-11D0-8D11-00A0C91BC942}") = "MemTests", "MemTests\MemTests.vcxproj", "{F44FAE01-07C7-463C-A141-9F66630BC69D}"
EndProject
Global
	GlobalSection(SolutionConfigurationPlatforms) = preSolution
		Debug|ARM = Debug|ARM
		Debug|ARM64 = Debug|ARM64
		Debug|x64 = Debug|x64
		Debug|x86 = Debug|x86
		Release|ARM = Release|ARM
		Release|ARM64 = Release|ARM64
		Release|x64 = Release|x64
		Release|x86 = Release|x86
	EndGlobalSection
	GlobalSection(ProjectConfigurationPlatforms) = postSolution
		{CD110D6B-2F84-4C39-8A36-A9BBA2A86D70}.Debug|ARM.ActiveCfg = Debug|ARM
		{CD110D6B-2F84-4C39-8A36-A9BBA2A86D70}.Debug|ARM.Build.0 = Debug|ARM
		{CD110D6B-2F84-4C39-8A36-A9BBA2A86D70}.Debug|ARM.Deploy.0 = Debug|ARM
		{CD110D6B-2F84-4C39-8A36-A9BBA2A86D70}.Debug|ARM64.ActiveCfg = Debug|ARM64
		{CD110D6B-2F84-4C39-8A36-A9BBA2A86D70}.Debug|ARM64.Build.0 = Debug|ARM64
		{CD110D6B-2F84-4C39-8A36-A9BBA2A86D70}.Debug|ARM64.Deploy.0 = Debug|ARM64
		{CD110D6B-2F84-4C39-8A36-A9BBA2A86D70}.Debug|x64.ActiveCfg = Debug|x64
		{CD110D6B-2F84-4C39-8A36-A9BBA2A86D70}.Debug|x64.Build.0 = Debug|x64
		{CD110D6B-2F84-4C39-8A36-A9BBA2A86D70}.Debug|x64.Deploy.0 = Debug|x64
		{CD110D6B-2F84-4C39-8A36-A9BBA2A86D70}.Debug|x86.ActiveCfg = Debug|Win32
		{CD110D6B-2F84-4C39-8A36-A9BBA2A86D70}.Debug|x86.Build.0 = Debug|Win32
		{CD110D6B-2F84-4C39-8A36-A9BBA2A86D70}.Debug|x86.Deploy.0 = Debug|Win32
		{CD110D6B-2F84-4C39-8A36-A9BBA2A86D70}.Release|ARM.ActiveCfg = Release|ARM
		{CD110D6B-2F84-4C39-8A36-A9BBA2A86D70}.Release|ARM.Build.0 = Release|ARM
		{CD110D6B-2F84-4C39-8A36-A9BBA2A86D70}.Release|ARM.Deploy.0 = Release|ARM
		{CD110D6B-2F84-4C39-8A36-A9BBA2A86D70}.Release|ARM64.ActiveCfg = Release|ARM64
		{CD110D6B-2F84-4C39-8A36-A9BBA2A86D70}.Release|ARM64.Build.0 = Release|ARM64
		{CD110D6B-2F84-4C39-8A36-A9BBA2A86D70}.Release|ARM64.Deploy.0 = Release|ARM64
		{CD110D6B-2F84-4C39-8A36-A9BBA2A86D70}.Release|x64.ActiveCfg = Release|x64
		{CD110D6B-2F84-4C39-8A36-A9BBA2A86D70}.Release|x64.Build.0 = Release|x64
		{CD110D6B-2F84-4C39-8A36-A9BBA2A86D70}.Release|x64.Deploy.0 = Release|x64
		{CD110D6B-2F84-4C39-8A36-A9BBA2A86D70}.Release|x86.ActiveCfg = Release|Win32
		{CD110D6B-2F84-4C39-8A36-A9BBA2A86D70}.Release|x86.Build.0 = Release|Win32
		{CD110D6B-2F84-4C39-8A36-A9BBA2A86D70}.Release|x86.Deploy.0 = Release|Win32
		{F44FAE01-07C7-463C-A141-9F66630BC69D}.Debug|ARM.ActiveCfg = Debug|Win32
		{F44FAE01-07C7-463C-A141-9F66630BC69D}.Debug|ARM64.ActiveCfg = Debug|Win32
		{F44FAE01-07C7-463C-A141-9F66630BC69D}.Debug|x64.ActiveCfg = Debug|x64
		{F44FAE01-07C7-463C-A141-9F66630BC69D}.Debug|x64.Build.0 = Debug|x64
		{F44FAE01-07C7-463C-A141-9F66630BC69D}.Debug|x86.ActiveCfg = Debug|Win32
		{F44FAE01-07C7-463C-A141-9F66630BC69D}.Debug|x86.Build.0 = Debug|Win32
		{F44FAE01-07C7-463C-A141-9F66630BC69D}.Release|ARM.ActiveCfg = Release|Win32
		{F44FAE01-07C7-463C-A141-9F66630BC69D}.Release|ARM64.ActiveCfg = Release|Win32
		{F44FAE01-07C7-463C-A141-9F66630BC69D}.Release|x64.ActiveCfg = Release|x64
		{F44FAE01-07C7-463C-A141-9F66630BC69D}.Release|x64.Build.0 = Release|x64
		{F44FAE01-07C7-463C-A141-9F66630BC69D}.Release|x86.ActiveCfg = Release|Win32
		{F44FAE01-07C7-463C-A141-9F66630BC69D}.Release|x86.Build.0 = Release|Win32
	EndGlobalSection
	GlobalSection(SolutionProperties) = preSolution
		HideSolutionNode = FALSE
	EndGlobalSection
	GlobalSection(ExtensibilityGlobals) = postSolution
		SolutionGuid = {74BB5298-71A5-451D-9797-86737BDE24FA}
	EndGlobalSection
EndGlobal
